// !$*UTF8*$!
{
	archiveVersion = 1;
	classes = {
	};
	objectVersion = 60;
	objects = {

/* Begin PBXBuildFile section */
		06DAF6728205446D8F3378CE /* Services/DailyLoginService.swift in Sources */ = {isa = PBXBuildFile; fileRef = 3B47AC1C8D3347F4B5BC8556 /* Services/DailyLoginService.swift */; };
		0E33691C3CD2449ABBE6862F /* Views/RootTabView.swift in Sources */ = {isa = PBXBuildFile; fileRef = 455A8AD8019D439092BF707D /* Views/RootTabView.swift */; };
		15B967D0227A40F4A6D375B2 /* Views/PackOpening/CardRevealView.swift in Sources */ = {isa = PBXBuildFile; fileRef = 02214CC0FB0C4662AC26FAB8 /* Views/PackOpening/CardRevealView.swift */; };
		17AB16758D1A4807994CC807 /* Views/Binder/BinderView.swift in Sources */ = {isa = PBXBuildFile; fileRef = 9362BB1A0B0A42F2A8D27183 /* Views/Binder/BinderView.swift */; };
		1B7B51D5A11B4368B9F1DAEF /* Models/Card.swift in Sources */ = {isa = PBXBuildFile; fileRef = 913921E6518D4A8DB8C4C86A /* Models/Card.swift */; };
		2E15F39311AF4E67BCE47FE4 /* Models/UserProfile.swift in Sources */ = {isa = PBXBuildFile; fileRef = 3EABA3058EE8418899F90082 /* Models/UserProfile.swift */; };
		3D8159F6F69040B884651AD5 /* App/PokemonCardSimApp.swift in Sources */ = {isa = PBXBuildFile; fileRef = B757B792786941BDB8485348 /* App/PokemonCardSimApp.swift */; };
		41DACF2543754146802A38C7 /* Models/CardSet.swift in Sources */ = {isa = PBXBuildFile; fileRef = 91801F1758E84954B9713FFC /* Models/CardSet.swift */; };
		42F475D36C0D434DAA626391 /* Views/Shop/PackPurchaseSheet.swift in Sources */ = {isa = PBXBuildFile; fileRef = D136187A1BC94E279CB29FC0 /* Views/Shop/PackPurchaseSheet.swift */; };
		4C8236E702E1461197367249 /* Views/Components/PackArtwork.swift in Sources */ = {isa = PBXBuildFile; fileRef = CA4F432A406A4896BEFA8927 /* Views/Components/PackArtwork.swift */; };
		597F1A4DA5934ECC88E87316 /* Models/OwnedCard.swift in Sources */ = {isa = PBXBuildFile; fileRef = 4A248E982B0242F7BF42C35E /* Models/OwnedCard.swift */; };
		5C21B59E1A254366B2B6F80C /* Views/Missions/MissionsView.swift in Sources */ = {isa = PBXBuildFile; fileRef = CBBB9E9C7BFA4B7A94CF1DD9 /* Views/Missions/MissionsView.swift */; };
		6B11CB3F277F4ECBA97B0330 /* CreditsServiceTests.swift in Sources */ = {isa = PBXBuildFile; fileRef = BCC7994C1BC747B2989CE8CF /* CreditsServiceTests.swift */; };
		71F469E76AC04AE4B9FEA421 /* Views/PackOpening/PackOpeningView.swift in Sources */ = {isa = PBXBuildFile; fileRef = 457CF855BBE7499BB60EA874 /* Views/PackOpening/PackOpeningView.swift */; };
		729D3D05D847415AA81655A5 /* Models/Mission.swift in Sources */ = {isa = PBXBuildFile; fileRef = 752078EAC4824CD59DAA45E8 /* Models/Mission.swift */; };
		7EB2E29A262D4C43A75BB5B0 /* Views/Profile/PremiumUpsellSheet.swift in Sources */ = {isa = PBXBuildFile; fileRef = 6AC47DF483DE412995855A9C /* Views/Profile/PremiumUpsellSheet.swift */; };
		80DDAE7623844EC4B1A2C77F /* Views/Shop/SetListView.swift in Sources */ = {isa = PBXBuildFile; fileRef = FFAE4E6D7BA849C7A37A7256 /* Views/Shop/SetListView.swift */; };
		892B33504FE542BF85DBE04A /* Services/MissionCoordinator.swift in Sources */ = {isa = PBXBuildFile; fileRef = F5DA3CD19C0D47E4BAA8E6E8 /* Services/MissionCoordinator.swift */; };
		991553AFCDB24F1AAF8063A7 /* Views/Binder/CardDetailView.swift in Sources */ = {isa = PBXBuildFile; fileRef = 86C4F630E0B944F3A21CE75A /* Views/Binder/CardDetailView.swift */; };
		ACC3B5347C5E40C6A18D29CE /* Services/ModelContext+Collection.swift in Sources */ = {isa = PBXBuildFile; fileRef = 69458A8EE46B4498864A3B28 /* Services/ModelContext+Collection.swift */; };
		B10FA8324624459A80FB4504 /* Views/Components/CardThumbnail.swift in Sources */ = {isa = PBXBuildFile; fileRef = 0E4C0C9795534FEABEA3B335 /* Views/Components/CardThumbnail.swift */; };
		CAB4D8E554AC4604B1BC5BDB /* Views/Profile/ProfileView.swift in Sources */ = {isa = PBXBuildFile; fileRef = 2A2BD45E4EF64550ACA79171 /* Views/Profile/ProfileView.swift */; };
		D0E6F527C50B42D5BA9ABD05 /* Resources/Assets.xcassets in Resources */ = {isa = PBXBuildFile; fileRef = 2AE9F2E740DE4F56B4D65D26 /* Resources/Assets.xcassets */; };
		E2EE131E14724AE182383C63 /* Services/CreditsService.swift in Sources */ = {isa = PBXBuildFile; fileRef = 5D10B819E8AB490E8A9FE5DF /* Services/CreditsService.swift */; };
		E30A8EB07B6444E68A5F3EDE /* Utilities/AppConstants.swift in Sources */ = {isa = PBXBuildFile; fileRef = 1E9173017ECD4E28832AAF33 /* Utilities/AppConstants.swift */; };
		E5A202D4C8264270B71AA891 /* PackOpeningServiceTests.swift in Sources */ = {isa = PBXBuildFile; fileRef = FA63EBA2EF4A4BF18528490C /* PackOpeningServiceTests.swift */; };
		F1721529CAAA4523AAFC44F1 /* Services/PokemonTCGAPI.swift in Sources */ = {isa = PBXBuildFile; fileRef = 3DAC21F82A844690ABDAA03C /* Services/PokemonTCGAPI.swift */; };
		F5A798A083174FB0848B1D4F /* Services/PackOpeningService.swift in Sources */ = {isa = PBXBuildFile; fileRef = 17628EF464464B8D985368EE /* Services/PackOpeningService.swift */; };
		FEBBBDA3EDBE4079BBB6DCE4 /* Utilities/RarityWeights.swift in Sources */ = {isa = PBXBuildFile; fileRef = 0F92CC0D360545E791BA9CEC /* Utilities/RarityWeights.swift */; };
		E1E2A3B4C5D64F708192A3B4C6 /* Utilities/SetEra.swift in Sources */ = {isa = PBXBuildFile; fileRef = E1E2A3B4C5D64F708192A3B4C5 /* Utilities/SetEra.swift */; };
/* End PBXBuildFile section */

/* Begin PBXContainerItemProxy section */
		C72D91FDE4C84B508F64F93C /* PBXContainerItemProxy */ = {
			isa = PBXContainerItemProxy;
			containerPortal = 20B45EAD4DF049AF9AB926F7 /* Project object */;
			proxyType = 1;
			remoteGlobalIDString = 4E4322275BAB487FAAEA01A8;
			remoteInfo = PokemonCardSim;
		};
/* End PBXContainerItemProxy section */

/* Begin PBXFileReference section */
		02214CC0FB0C4662AC26FAB8 /* Views/PackOpening/CardRevealView.swift */ = {isa = PBXFileReference; lastKnownFileType = sourcecode.swift; path = Views/PackOpening/CardRevealView.swift; sourceTree = "<group>"; };
		0E4C0C9795534FEABEA3B335 /* Views/Components/CardThumbnail.swift */ = {isa = PBXFileReference; lastKnownFileType = sourcecode.swift; path = Views/Components/CardThumbnail.swift; sourceTree = "<group>"; };
		0F92CC0D360545E791BA9CEC /* Utilities/RarityWeights.swift */ = {isa = PBXFileReference; lastKnownFileType = sourcecode.swift; path = Utilities/RarityWeights.swift; sourceTree = "<group>"; };
		E1E2A3B4C5D64F708192A3B4C5 /* Utilities/SetEra.swift */ = {isa = PBXFileReference; lastKnownFileType = sourcecode.swift; path = Utilities/SetEra.swift; sourceTree = "<group>"; };
		17628EF464464B8D985368EE /* Services/PackOpeningService.swift */ = {isa = PBXFileReference; lastKnownFileType = sourcecode.swift; path = Services/PackOpeningService.swift; sourceTree = "<group>"; };
		1E9173017ECD4E28832AAF33 /* Utilities/AppConstants.swift */ = {isa = PBXFileReference; lastKnownFileType = sourcecode.swift; path = Utilities/AppConstants.swift; sourceTree = "<group>"; };
		2A2BD45E4EF64550ACA79171 /* Views/Profile/ProfileView.swift */ = {isa = PBXFileReference; lastKnownFileType = sourcecode.swift; path = Views/Profile/ProfileView.swift; sourceTree = "<group>"; };
		2AE9F2E740DE4F56B4D65D26 /* Resources/Assets.xcassets */ = {isa = PBXFileReference; lastKnownFileType = folder.assetcatalog; path = Resources/Assets.xcassets; sourceTree = "<group>"; };
		3B47AC1C8D3347F4B5BC8556 /* Services/DailyLoginService.swift */ = {isa = PBXFileReference; lastKnownFileType = sourcecode.swift; path = Services/DailyLoginService.swift; sourceTree = "<group>"; };
		3DAC21F82A844690ABDAA03C /* Services/PokemonTCGAPI.swift */ = {isa = PBXFileReference; lastKnownFileType = sourcecode.swift; path = Services/PokemonTCGAPI.swift; sourceTree = "<group>"; };
		3EABA3058EE8418899F90082 /* Models/UserProfile.swift */ = {isa = PBXFileReference; lastKnownFileType = sourcecode.swift; path = Models/UserProfile.swift; sourceTree = "<group>"; };
		455A8AD8019D439092BF707D /* Views/RootTabView.swift */ = {isa = PBXFileReference; lastKnownFileType = sourcecode.swift; path = Views/RootTabView.swift; sourceTree = "<group>"; };
		457CF855BBE7499BB60EA874 /* Views/PackOpening/PackOpeningView.swift */ = {isa = PBXFileReference; lastKnownFileType = sourcecode.swift; path = Views/PackOpening/PackOpeningView.swift; sourceTree = "<group>"; };
		4A248E982B0242F7BF42C35E /* Models/OwnedCard.swift */ = {isa = PBXFileReference; lastKnownFileType = sourcecode.swift; path = Models/OwnedCard.swift; sourceTree = "<group>"; };
		5D10B819E8AB490E8A9FE5DF /* Services/CreditsService.swift */ = {isa = PBXFileReference; lastKnownFileType = sourcecode.swift; path = Services/CreditsService.swift; sourceTree = "<group>"; };
		69458A8EE46B4498864A3B28 /* Services/ModelContext+Collection.swift */ = {isa = PBXFileReference; lastKnownFileType = sourcecode.swift; path = "Services/ModelContext+Collection.swift"; sourceTree = "<group>"; };
		6AC47DF483DE412995855A9C /* Views/Profile/PremiumUpsellSheet.swift */ = {isa = PBXFileReference; lastKnownFileType = sourcecode.swift; path = Views/Profile/PremiumUpsellSheet.swift; sourceTree = "<group>"; };
		752078EAC4824CD59DAA45E8 /* Models/Mission.swift */ = {isa = PBXFileReference; lastKnownFileType = sourcecode.swift; path = Models/Mission.swift; sourceTree = "<group>"; };
		86C4F630E0B944F3A21CE75A /* Views/Binder/CardDetailView.swift */ = {isa = PBXFileReference; lastKnownFileType = sourcecode.swift; path = Views/Binder/CardDetailView.swift; sourceTree = "<group>"; };
		913921E6518D4A8DB8C4C86A /* Models/Card.swift */ = {isa = PBXFileReference; lastKnownFileType = sourcecode.swift; path = Models/Card.swift; sourceTree = "<group>"; };
		91801F1758E84954B9713FFC /* Models/CardSet.swift */ = {isa = PBXFileReference; lastKnownFileType = sourcecode.swift; path = Models/CardSet.swift; sourceTree = "<group>"; };
		9362BB1A0B0A42F2A8D27183 /* Views/Binder/BinderView.swift */ = {isa = PBXFileReference; lastKnownFileType = sourcecode.swift; path = Views/Binder/BinderView.swift; sourceTree = "<group>"; };
		B757B792786941BDB8485348 /* App/PokemonCardSimApp.swift */ = {isa = PBXFileReference; lastKnownFileType = sourcecode.swift; path = App/PokemonCardSimApp.swift; sourceTree = "<group>"; };
		BCC7994C1BC747B2989CE8CF /* CreditsServiceTests.swift */ = {isa = PBXFileReference; lastKnownFileType = sourcecode.swift; path = CreditsServiceTests.swift; sourceTree = "<group>"; };
		CA4F432A406A4896BEFA8927 /* Views/Components/PackArtwork.swift */ = {isa = PBXFileReference; lastKnownFileType = sourcecode.swift; path = Views/Components/PackArtwork.swift; sourceTree = "<group>"; };
		CBBB9E9C7BFA4B7A94CF1DD9 /* Views/Missions/MissionsView.swift */ = {isa = PBXFileReference; lastKnownFileType = sourcecode.swift; path = Views/Missions/MissionsView.swift; sourceTree = "<group>"; };
		D136187A1BC94E279CB29FC0 /* Views/Shop/PackPurchaseSheet.swift */ = {isa = PBXFileReference; lastKnownFileType = sourcecode.swift; path = Views/Shop/PackPurchaseSheet.swift; sourceTree = "<group>"; };
		D68942A45E144A08BF10CF53 /* PokemonCardSim.app */ = {isa = PBXFileReference; explicitFileType = wrapper.application; includeInIndex = 0; path = PokemonCardSim.app; sourceTree = BUILT_PRODUCTS_DIR; };
		D7ACD47099FA4AEAA1E906C2 /* PokemonCardSimTests.xctest */ = {isa = PBXFileReference; explicitFileType = wrapper.cfbundle; includeInIndex = 0; path = PokemonCardSimTests.xctest; sourceTree = BUILT_PRODUCTS_DIR; };
		F5DA3CD19C0D47E4BAA8E6E8 /* Services/MissionCoordinator.swift */ = {isa = PBXFileReference; lastKnownFileType = sourcecode.swift; path = Services/MissionCoordinator.swift; sourceTree = "<group>"; };
		FA63EBA2EF4A4BF18528490C /* PackOpeningServiceTests.swift */ = {isa = PBXFileReference; lastKnownFileType = sourcecode.swift; path = PackOpeningServiceTests.swift; sourceTree = "<group>"; };
		FFAE4E6D7BA849C7A37A7256 /* Views/Shop/SetListView.swift */ = {isa = PBXFileReference; lastKnownFileType = sourcecode.swift; path = Views/Shop/SetListView.swift; sourceTree = "<group>"; };
/* End PBXFileReference section */

/* Begin PBXFrameworksBuildPhase section */
		5B9ABBF3739742558D1BAD61 /* Frameworks */ = {
			isa = PBXFrameworksBuildPhase;
			buildActionMask = 2147483647;
			files = (
			);
			runOnlyForDeploymentPostprocessing = 0;
		};
		F374D2065A504D2BAC5A3690 /* Frameworks */ = {
			isa = PBXFrameworksBuildPhase;
			buildActionMask = 2147483647;
			files = (
			);
			runOnlyForDeploymentPostprocessing = 0;
		};
/* End PBXFrameworksBuildPhase section */

/* Begin PBXGroup section */
		2E260BAADCA743C0B88513FB = {
			isa = PBXGroup;
			children = (
				AACA8D9964934E189E437767 /* TopLoadr */,
				62EFB1DA11DE4595862A9FCB /* TopLoadrUITests */,
				A49F8154599147C98851F896 /* Products */,
			);
			sourceTree = "<group>";
		};
		62EFB1DA11DE4595862A9FCB /* TopLoadrUITests */ = {
			isa = PBXGroup;
			children = (
				FA63EBA2EF4A4BF18528490C /* PackOpeningServiceTests.swift */,
				BCC7994C1BC747B2989CE8CF /* CreditsServiceTests.swift */,
			);
			path = TopLoadrUITests;
			sourceTree = "<group>";
		};
		A49F8154599147C98851F896 /* Products */ = {
			isa = PBXGroup;
			children = (
				D68942A45E144A08BF10CF53 /* PokemonCardSim.app */,
				D7ACD47099FA4AEAA1E906C2 /* PokemonCardSimTests.xctest */,
			);
			name = Products;
			sourceTree = "<group>";
		};
		AACA8D9964934E189E437767 /* TopLoadr */ = {
			isa = PBXGroup;
			children = (
				B757B792786941BDB8485348 /* App/PokemonCardSimApp.swift */,
				91801F1758E84954B9713FFC /* Models/CardSet.swift */,
				913921E6518D4A8DB8C4C86A /* Models/Card.swift */,
				4A248E982B0242F7BF42C35E /* Models/OwnedCard.swift */,
				3EABA3058EE8418899F90082 /* Models/UserProfile.swift */,
				752078EAC4824CD59DAA45E8 /* Models/Mission.swift */,
				3DAC21F82A844690ABDAA03C /* Services/PokemonTCGAPI.swift */,
				17628EF464464B8D985368EE /* Services/PackOpeningService.swift */,
				5D10B819E8AB490E8A9FE5DF /* Services/CreditsService.swift */,
				3B47AC1C8D3347F4B5BC8556 /* Services/DailyLoginService.swift */,
				F5DA3CD19C0D47E4BAA8E6E8 /* Services/MissionCoordinator.swift */,
				69458A8EE46B4498864A3B28 /* Services/ModelContext+Collection.swift */,
				0F92CC0D360545E791BA9CEC /* Utilities/RarityWeights.swift */,
				E1E2A3B4C5D64F708192A3B4C5 /* Utilities/SetEra.swift */,
				1E9173017ECD4E28832AAF33 /* Utilities/AppConstants.swift */,
				455A8AD8019D439092BF707D /* Views/RootTabView.swift */,
				0E4C0C9795534FEABEA3B335 /* Views/Components/CardThumbnail.swift */,
				CA4F432A406A4896BEFA8927 /* Views/Components/PackArtwork.swift */,
				FFAE4E6D7BA849C7A37A7256 /* Views/Shop/SetListView.swift */,
				D136187A1BC94E279CB29FC0 /* Views/Shop/PackPurchaseSheet.swift */,
				457CF855BBE7499BB60EA874 /* Views/PackOpening/PackOpeningView.swift */,
				02214CC0FB0C4662AC26FAB8 /* Views/PackOpening/CardRevealView.swift */,
				9362BB1A0B0A42F2A8D27183 /* Views/Binder/BinderView.swift */,
				86C4F630E0B944F3A21CE75A /* Views/Binder/CardDetailView.swift */,
				CBBB9E9C7BFA4B7A94CF1DD9 /* Views/Missions/MissionsView.swift */,
				2A2BD45E4EF64550ACA79171 /* Views/Profile/ProfileView.swift */,
				6AC47DF483DE412995855A9C /* Views/Profile/PremiumUpsellSheet.swift */,
				2AE9F2E740DE4F56B4D65D26 /* Resources/Assets.xcassets */,
			);
			path = TopLoadr;
			sourceTree = "<group>";
		};
/* End PBXGroup section */

/* Begin PBXNativeTarget section */
		4E4322275BAB487FAAEA01A8 /* PokemonCardSim */ = {
			isa = PBXNativeTarget;
			buildConfigurationList = 0956D4E9AA724D998525F89B /* Build configuration list for PBXNativeTarget "PokemonCardSim" */;
			buildPhases = (
				B2A6BF9AC3334D7394E4572D /* Sources */,
				5B9ABBF3739742558D1BAD61 /* Frameworks */,
				E41895AFA155461CA4E7251A /* Resources */,
			);
			buildRules = (
			);
			dependencies = (
			);
			name = PokemonCardSim;
			productName = PokemonCardSim;
			productReference = D68942A45E144A08BF10CF53 /* PokemonCardSim.app */;
			productType = "com.apple.product-type.application";
		};
		66944EFB6A3C4C6BA07C5502 /* PokemonCardSimTests */ = {
			isa = PBXNativeTarget;
			buildConfigurationList = 0D78C1042AB44B6FB091535B /* Build configuration list for PBXNativeTarget "PokemonCardSimTests" */;
			buildPhases = (
				6953CD71CF49416EADC79BCC /* Sources */,
				F374D2065A504D2BAC5A3690 /* Frameworks */,
			);
			buildRules = (
			);
			dependencies = (
				B7E224B4D379464C8CCCD1D3 /* PBXTargetDependency */,
			);
			name = PokemonCardSimTests;
			productName = PokemonCardSimTests;
			productReference = D7ACD47099FA4AEAA1E906C2 /* PokemonCardSimTests.xctest */;
			productType = "com.apple.product-type.bundle.unit-test";
		};
/* End PBXNativeTarget section */

/* Begin PBXProject section */
		20B45EAD4DF049AF9AB926F7 /* Project object */ = {
			isa = PBXProject;
			attributes = {
				BuildIndependentTargetsInParallel = 1;
				LastSwiftUpdateCheck = 1500;
				LastUpgradeCheck = 2640;
				TargetAttributes = {
					4E4322275BAB487FAAEA01A8 = {
						CreatedOnToolsVersion = 15.0;
					};
					66944EFB6A3C4C6BA07C5502 = {
						CreatedOnToolsVersion = 15.0;
						TestTargetID = 4E4322275BAB487FAAEA01A8;
					};
				};
			};
			buildConfigurationList = 5D368749A9E0482B8053F4FE /* Build configuration list for PBXProject "TopLoadr" */;
			compatibilityVersion = "Xcode 15.0";
			developmentRegion = en;
			hasScannedForEncodings = 0;
			knownRegions = (
				en,
				Base,
			);
			mainGroup = 2E260BAADCA743C0B88513FB;
			productRefGroup = A49F8154599147C98851F896 /* Products */;
			projectDirPath = "";
			projectRoot = "";
			targets = (
				4E4322275BAB487FAAEA01A8 /* PokemonCardSim */,
				66944EFB6A3C4C6BA07C5502 /* PokemonCardSimTests */,
			);
		};
/* End PBXProject section */

/* Begin PBXResourcesBuildPhase section */
		E41895AFA155461CA4E7251A /* Resources */ = {
			isa = PBXResourcesBuildPhase;
			buildActionMask = 2147483647;
			files = (
				D0E6F527C50B42D5BA9ABD05 /* Resources/Assets.xcassets in Resources */,
			);
			runOnlyForDeploymentPostprocessing = 0;
		};
/* End PBXResourcesBuildPhase section */

/* Begin PBXSourcesBuildPhase section */
		6953CD71CF49416EADC79BCC /* Sources */ = {
			isa = PBXSourcesBuildPhase;
			buildActionMask = 2147483647;
			files = (
				E5A202D4C8264270B71AA891 /* PackOpeningServiceTests.swift in Sources */,
				6B11CB3F277F4ECBA97B0330 /* CreditsServiceTests.swift in Sources */,
			);
			runOnlyForDeploymentPostprocessing = 0;
		};
		B2A6BF9AC3334D7394E4572D /* Sources */ = {
			isa = PBXSourcesBuildPhase;
			buildActionMask = 2147483647;
			files = (
				3D8159F6F69040B884651AD5 /* App/PokemonCardSimApp.swift in Sources */,
				41DACF2543754146802A38C7 /* Models/CardSet.swift in Sources */,
				1B7B51D5A11B4368B9F1DAEF /* Models/Card.swift in Sources */,
				597F1A4DA5934ECC88E87316 /* Models/OwnedCard.swift in Sources */,
				2E15F39311AF4E67BCE47FE4 /* Models/UserProfile.swift in Sources */,
				729D3D05D847415AA81655A5 /* Models/Mission.swift in Sources */,
				F1721529CAAA4523AAFC44F1 /* Services/PokemonTCGAPI.swift in Sources */,
				F5A798A083174FB0848B1D4F /* Services/PackOpeningService.swift in Sources */,
				E2EE131E14724AE182383C63 /* Services/CreditsService.swift in Sources */,
				06DAF6728205446D8F3378CE /* Services/DailyLoginService.swift in Sources */,
				892B33504FE542BF85DBE04A /* Services/MissionCoordinator.swift in Sources */,
				ACC3B5347C5E40C6A18D29CE /* Services/ModelContext+Collection.swift in Sources */,
				FEBBBDA3EDBE4079BBB6DCE4 /* Utilities/RarityWeights.swift in Sources */,
				E1E2A3B4C5D64F708192A3B4C6 /* Utilities/SetEra.swift in Sources */,
				E30A8EB07B6444E68A5F3EDE /* Utilities/AppConstants.swift in Sources */,
				0E33691C3CD2449ABBE6862F /* Views/RootTabView.swift in Sources */,
				B10FA8324624459A80FB4504 /* Views/Components/CardThumbnail.swift in Sources */,
				4C8236E702E1461197367249 /* Views/Components/PackArtwork.swift in Sources */,
				80DDAE7623844EC4B1A2C77F /* Views/Shop/SetListView.swift in Sources */,
				42F475D36C0D434DAA626391 /* Views/Shop/PackPurchaseSheet.swift in Sources */,
				71F469E76AC04AE4B9FEA421 /* Views/PackOpening/PackOpeningView.swift in Sources */,
				15B967D0227A40F4A6D375B2 /* Views/PackOpening/CardRevealView.swift in Sources */,
				17AB16758D1A4807994CC807 /* Views/Binder/BinderView.swift in Sources */,
				991553AFCDB24F1AAF8063A7 /* Views/Binder/CardDetailView.swift in Sources */,
				5C21B59E1A254366B2B6F80C /* Views/Missions/MissionsView.swift in Sources */,
				CAB4D8E554AC4604B1BC5BDB /* Views/Profile/ProfileView.swift in Sources */,
				7EB2E29A262D4C43A75BB5B0 /* Views/Profile/PremiumUpsellSheet.swift in Sources */,
			);
			runOnlyForDeploymentPostprocessing = 0;
		};
/* End PBXSourcesBuildPhase section */

/* Begin PBXTargetDependency section */
		B7E224B4D379464C8CCCD1D3 /* PBXTargetDependency */ = {
			isa = PBXTargetDependency;
			target = 4E4322275BAB487FAAEA01A8 /* PokemonCardSim */;
			targetProxy = C72D91FDE4C84B508F64F93C /* PBXContainerItemProxy */;
		};
/* End PBXTargetDependency section */

/* Begin XCBuildConfiguration section */
		2B2BB910BE974C0291128D49 /* Debug */ = {
			isa = XCBuildConfiguration;
			buildSettings = {
				ASSETCATALOG_COMPILER_APPICON_NAME = AppIcon;
				ASSETCATALOG_COMPILER_GLOBAL_ACCENT_COLOR_NAME = AccentColor;
				CODE_SIGN_IDENTITY = "Apple Development";
				"CODE_SIGN_IDENTITY[sdk=macosx*]" = "Apple Development";
				CODE_SIGN_STYLE = Automatic;
				CURRENT_PROJECT_VERSION = 1;
				DEAD_CODE_STRIPPING = YES;
				DEVELOPMENT_ASSET_PATHS = "";
				DEVELOPMENT_TEAM = TKPJG9W8XT;
				ENABLE_HARDENED_RUNTIME = YES;
				ENABLE_PREVIEWS = YES;
				GENERATE_INFOPLIST_FILE = YES;
				INFOPLIST_KEY_UIApplicationSceneManifest_Generation = YES;
				INFOPLIST_KEY_UILaunchScreen_Generation = YES;
				INFOPLIST_KEY_UISupportedInterfaceOrientations = UIInterfaceOrientationPortrait;
				IPHONEOS_DEPLOYMENT_TARGET = 17.0;
				LD_RUNPATH_SEARCH_PATHS = (
					"$(inherited)",
					"@executable_path/Frameworks",
				);
				MARKETING_VERSION = 1.0;
				PRODUCT_BUNDLE_IDENTIFIER = com.edmundchen.PokemonCardSim;
				PRODUCT_NAME = "$(TARGET_NAME)";
				SUPPORTED_PLATFORMS = "iphoneos iphonesimulator macosx";
				SUPPORTS_MACCATALYST = NO;
				SWIFT_EMIT_LOC_STRINGS = YES;
				SWIFT_STRICT_CONCURRENCY = minimal;
				SWIFT_VERSION = 5.0;
				TARGETED_DEVICE_FAMILY = "1,2";
			};
			name = Debug;
		};
		5366AD6CB4934797B4559B2A /* Release */ = {
			isa = XCBuildConfiguration;
			buildSettings = {
				ASSETCATALOG_COMPILER_APPICON_NAME = AppIcon;
				ASSETCATALOG_COMPILER_GLOBAL_ACCENT_COLOR_NAME = AccentColor;
				CODE_SIGN_IDENTITY = "Apple Development";
				"CODE_SIGN_IDENTITY[sdk=macosx*]" = "Apple Development";
				CODE_SIGN_STYLE = Automatic;
				CURRENT_PROJECT_VERSION = 1;
				DEAD_CODE_STRIPPING = YES;
				DEVELOPMENT_ASSET_PATHS = "";
				DEVELOPMENT_TEAM = TKPJG9W8XT;
				ENABLE_HARDENED_RUNTIME = YES;
				ENABLE_PREVIEWS = YES;
				GENERATE_INFOPLIST_FILE = YES;
				INFOPLIST_KEY_UIApplicationSceneManifest_Generation = YES;
				INFOPLIST_KEY_UILaunchScreen_Generation = YES;
				INFOPLIST_KEY_UISupportedInterfaceOrientations = UIInterfaceOrientationPortrait;
				IPHONEOS_DEPLOYMENT_TARGET = 17.0;
				LD_RUNPATH_SEARCH_PATHS = (
					"$(inherited)",
					"@executable_path/Frameworks",
				);
				MARKETING_VERSION = 1.0;
				PRODUCT_BUNDLE_IDENTIFIER = com.edmundchen.PokemonCardSim;
				PRODUCT_NAME = "$(TARGET_NAME)";
				SUPPORTED_PLATFORMS = "iphoneos iphonesimulator macosx";
				SUPPORTS_MACCATALYST = NO;
				SWIFT_EMIT_LOC_STRINGS = YES;
				SWIFT_STRICT_CONCURRENCY = minimal;
				SWIFT_VERSION = 5.0;
				TARGETED_DEVICE_FAMILY = "1,2";
			};
			name = Release;
		};
		595AB91F69E3492FB6744807 /* Debug */ = {
			isa = XCBuildConfiguration;
			buildSettings = {
				BUNDLE_LOADER = "$(TEST_HOST)";
				CODE_SIGN_IDENTITY = "Apple Development";
				CODE_SIGN_STYLE = Automatic;
				CURRENT_PROJECT_VERSION = 1;
				DEAD_CODE_STRIPPING = YES;
				DEVELOPMENT_TEAM = "";
				GENERATE_INFOPLIST_FILE = YES;
				IPHONEOS_DEPLOYMENT_TARGET = 17.0;
				MARKETING_VERSION = 1.0;
				PRODUCT_BUNDLE_IDENTIFIER = com.edmundchen.PokemonCardSimTests;
				PRODUCT_NAME = "$(TARGET_NAME)";
				SWIFT_EMIT_LOC_STRINGS = NO;
				SWIFT_STRICT_CONCURRENCY = minimal;
				SWIFT_VERSION = 5.0;
				TARGETED_DEVICE_FAMILY = "1,2";
				TEST_HOST = "$(BUILT_PRODUCTS_DIR)/PokemonCardSim.app/PokemonCardSim";
			};
			name = Debug;
		};
		6E70B0D6C0614C56B00BC0B21 /* Release */ = {
			isa = XCBuildConfiguration;
			buildSettings = {
				ALWAYS_SEARCH_USER_PATHS = NO;
				ASSETCATALOG_COMPILER_GENERATE_SWIFT_ASSET_SYMBOL_EXTENSIONS = YES;
				CLANG_ANALYZER_LOCALIZABILITY_NONLOCALIZED = YES;
				CLANG_ENABLE_MODULES = YES;
				CLANG_ENABLE_OBJC_ARC = YES;
				CLANG_WARN_BLOCK_CAPTURE_AUTORELEASING = YES;
				CLANG_WARN_BOOL_CONVERSION = YES;
				CLANG_WARN_COMMA = YES;
				CLANG_WARN_CONSTANT_CONVERSION = YES;
				CLANG_WARN_DEPRECATED_OBJC_IMPLEMENTATIONS = YES;
				CLANG_WARN_EMPTY_BODY = YES;
				CLANG_WARN_ENUM_CONVERSION = YES;
				CLANG_WARN_INFINITE_RECURSION = YES;
				CLANG_WARN_INT_CONVERSION = YES;
				CLANG_WARN_NON_LITERAL_NULL_CONVERSION = YES;
				CLANG_WARN_OBJC_IMPLICIT_RETAIN_SELF = YES;
				CLANG_WARN_OBJC_LITERAL_CONVERSION = YES;
				CLANG_WARN_QUOTED_INCLUDE_IN_FRAMEWORK_HEADER = YES;
				CLANG_WARN_RANGE_LOOP_ANALYSIS = YES;
				CLANG_WARN_STRICT_PROTOTYPES = YES;
				CLANG_WARN_SUSPICIOUS_MOVE = YES;
				CLANG_WARN_UNREACHABLE_CODE = YES;
				CLANG_WARN__DUPLICATE_METHOD_MATCH = YES;
				COPY_PHASE_STRIP = NO;
				DEAD_CODE_STRIPPING = YES;
				DEBUG_INFORMATION_FORMAT = "dwarf-with-dsym";
				ENABLE_NS_ASSERTIONS = NO;
				ENABLE_STRICT_OBJC_MSGSEND = YES;
				ENABLE_USER_SCRIPT_SANDBOXING = YES;
				GCC_NO_COMMON_BLOCKS = YES;
				GCC_WARN_64_TO_32_BIT_CONVERSION = YES;
				GCC_WARN_ABOUT_RETURN_TYPE = YES;
				GCC_WARN_UNDECLARED_SELECTOR = YES;
				GCC_WARN_UNINITIALIZED_AUTOS = YES;
				GCC_WARN_UNUSED_FUNCTION = YES;
				GCC_WARN_UNUSED_VARIABLE = YES;
				IPHONEOS_DEPLOYMENT_TARGET = 17.0;
				MTL_ENABLE_DEBUG_INFO = NO;
				STRING_CATALOG_GENERATE_SYMBOLS = YES;
				SWIFT_COMPILATION_MODE = wholemodule;
			};
			name = Release;
		};
		71E07086550B48ADA297B88A /* Release */ = {
			isa = XCBuildConfiguration;
			buildSettings = {
				BUNDLE_LOADER = "$(TEST_HOST)";
				CODE_SIGN_IDENTITY = "Apple Development";
				CODE_SIGN_STYLE = Automatic;
				CURRENT_PROJECT_VERSION = 1;
				DEAD_CODE_STRIPPING = YES;
				DEVELOPMENT_TEAM = "";
				GENERATE_INFOPLIST_FILE = YES;
				IPHONEOS_DEPLOYMENT_TARGET = 17.0;
				MARKETING_VERSION = 1.0;
				PRODUCT_BUNDLE_IDENTIFIER = com.edmundchen.PokemonCardSimTests;
				PRODUCT_NAME = "$(TARGET_NAME)";
				SWIFT_EMIT_LOC_STRINGS = NO;
				SWIFT_STRICT_CONCURRENCY = minimal;
				SWIFT_VERSION = 5.0;
				TARGETED_DEVICE_FAMILY = "1,2";
				TEST_HOST = "$(BUILT_PRODUCTS_DIR)/PokemonCardSim.app/PokemonCardSim";
			};
			name = Release;
		};
		9A4AF57FC9B8482782940C7E /* Debug */ = {
			isa = XCBuildConfiguration;
			buildSettings = {
				ALWAYS_SEARCH_USER_PATHS = NO;
				ASSETCATALOG_COMPILER_GENERATE_SWIFT_ASSET_SYMBOL_EXTENSIONS = YES;
				CLANG_ANALYZER_LOCALIZABILITY_NONLOCALIZED = YES;
				CLANG_ENABLE_MODULES = YES;
				CLANG_ENABLE_OBJC_ARC = YES;
				CLANG_WARN_BLOCK_CAPTURE_AUTORELEASING = YES;
				CLANG_WARN_BOOL_CONVERSION = YES;
				CLANG_WARN_COMMA = YES;
				CLANG_WARN_CONSTANT_CONVERSION = YES;
				CLANG_WARN_DEPRECATED_OBJC_IMPLEMENTATIONS = YES;
				CLANG_WARN_EMPTY_BODY = YES;
				CLANG_WARN_ENUM_CONVERSION = YES;
				CLANG_WARN_INFINITE_RECURSION = YES;
				CLANG_WARN_INT_CONVERSION = YES;
				CLANG_WARN_NON_LITERAL_NULL_CONVERSION = YES;
				CLANG_WARN_OBJC_IMPLICIT_RETAIN_SELF = YES;
				CLANG_WARN_OBJC_LITERAL_CONVERSION = YES;
				CLANG_WARN_QUOTED_INCLUDE_IN_FRAMEWORK_HEADER = YES;
				CLANG_WARN_RANGE_LOOP_ANALYSIS = YES;
				CLANG_WARN_STRICT_PROTOTYPES = YES;
				CLANG_WARN_SUSPICIOUS_MOVE = YES;
				CLANG_WARN_UNREACHABLE_CODE = YES;
				CLANG_WARN__DUPLICATE_METHOD_MATCH = YES;
				COPY_PHASE_STRIP = NO;
				DEAD_CODE_STRIPPING = YES;
				DEBUG_INFORMATION_FORMAT = dwarf;
				ENABLE_STRICT_OBJC_MSGSEND = YES;
				ENABLE_TESTABILITY = YES;
				ENABLE_USER_SCRIPT_SANDBOXING = YES;
				GCC_DYNAMIC_NO_PIC = NO;
				GCC_NO_COMMON_BLOCKS = YES;
				GCC_OPTIMIZATION_LEVEL = 0;
				GCC_PREPROCESSOR_DEFINITIONS = (
					"DEBUG=1",
					"$(inherited)",
				);
				GCC_WARN_64_TO_32_BIT_CONVERSION = YES;
				GCC_WARN_ABOUT_RETURN_TYPE = YES;
				GCC_WARN_UNDECLARED_SELECTOR = YES;
				GCC_WARN_UNINITIALIZED_AUTOS = YES;
				GCC_WARN_UNUSED_FUNCTION = YES;
				GCC_WARN_UNUSED_VARIABLE = YES;
				IPHONEOS_DEPLOYMENT_TARGET = 17.0;
				MTL_ENABLE_DEBUG_INFO = INCLUDE_SOURCE;
				ONLY_ACTIVE_ARCH = YES;
				STRING_CATALOG_GENERATE_SYMBOLS = YES;
				SWIFT_ACTIVE_COMPILATION_CONDITIONS = "DEBUG $(inherited)";
				SWIFT_OPTIMIZATION_LEVEL = "-Onone";
			};
			name = Debug;
		};
/* End XCBuildConfiguration section */

/* Begin XCConfigurationList section */
		0956D4E9AA724D998525F89B /* Build configuration list for PBXNativeTarget "PokemonCardSim" */ = {
			isa = XCConfigurationList;
			buildConfigurations = (
				2B2BB910BE974C0291128D49 /* Debug */,
				5366AD6CB4934797B4559B2A /* Release */,
			);
			defaultConfigurationIsVisible = 0;
			defaultConfigurationName = Release;
		};
		0D78C1042AB44B6FB091535B /* Build configuration list for PBXNativeTarget "PokemonCardSimTests" */ = {
			isa = XCConfigurationList;
			buildConfigurations = (
				595AB91F69E3492FB6744807 /* Debug */,
				71E07086550B48ADA297B88A /* Release */,
			);
			defaultConfigurationIsVisible = 0;
			defaultConfigurationName = Release;
		};
		5D368749A9E0482B8053F4FE /* Build configuration list for PBXProject "TopLoadr" */ = {
			isa = XCConfigurationList;
			buildConfigurations = (
				9A4AF57FC9B8482782940C7E /* Debug */,
				6E70B0D6C0614C56B00BC0B21 /* Release */,
			);
			defaultConfigurationIsVisible = 0;
			defaultConfigurationName = Release;
		};
/* End XCConfigurationList section */
	};
	rootObject = 20B45EAD4DF049AF9AB926F7 /* Project object */;
}
